
Microsoft Visual Studio Solution File, Format Version 12.00
# Visual Studio Version 16
VisualStudioVersion = 16.0.30907.101
MinimumVisualStudioVersion = 10.0.40219.1
Project("{FAE04EC0-301F-11D3-BF4B-00C04F79EFBC}") = "EmployeeApp", "EmployeeApp\EmployeeApp.csproj", "{40166418-44AE-4C71-8B67-2A972515C1C4}"
EndProject
Project("{FAE04EC0-301F-11D3-BF4B-00C04F79EFBC}") = "EmployeeDTO", "EmployeeDTO\EmployeeDTO.csproj", "{485FE4D4-1E1C-4FEF-9A53-5F3C356A7B80}"
EndProject
Project("{FAE04EC0-301F-11D3-BF4B-00C04F79EFBC}") = "Employee.BL", "Employee.BL\Employee.BL.csproj", "{7C725F45-D9D5-4C2E-93F1-98FD46D45542}"
EndProject
Project("{FAE04EC0-301F-11D3-BF4B-00C04F79EFBC}") = "Employee.DL", "EmployeeDL\Employee.DL.csproj", "{DCE5E310-1E89-4520-AE48-D8BAE979257F}"
EndProject
Project("{FAE04EC0-301F-11D3-BF4B-00C04F79EFBC}") = "DivisionDTO", "DivisionDTO\DivisionDTO.csproj", "{A7F6E779-E16C-4C8F-A496-B231427EEF98}"
EndProject
Project("{FAE04EC0-301F-11D3-BF4B-00C04F79EFBC}") = "ManagerDTO", "ManagerDTO\ManagerDTO.csproj", "{DDD398B0-7E98-4668-85C0-6ED6650FF4F2}"
EndProject
Global
	GlobalSection(SolutionConfigurationPlatforms) = preSolution
		Debug|Any CPU = Debug|Any CPU
		Release|Any CPU = Release|Any CPU
	EndGlobalSection
	GlobalSection(ProjectConfigurationPlatforms) = postSolution
		{40166418-44AE-4C71-8B67-2A972515C1C4}.Debug|Any CPU.ActiveCfg = Debug|Any CPU
		{40166418-44AE-4C71-8B67-2A972515C1C4}.Debug|Any CPU.Build.0 = Debug|Any CPU
		{40166418-44AE-4C71-8B67-2A972515C1C4}.Release|Any CPU.ActiveCfg = Release|Any CPU
		{40166418-44AE-4C71-8B67-2A972515C1C4}.Release|Any CPU.Build.0 = Release|Any CPU
		{485FE4D4-1E1C-4FEF-9A53-5F3C356A7B80}.Debug|Any CPU.ActiveCfg = Debug|Any CPU
		{485FE4D4-1E1C-4FEF-9A53-5F3C356A7B80}.Debug|Any CPU.Build.0 = Debug|Any CPU
		{485FE4D4-1E1C-4FEF-9A53-5F3C356A7B80}.Release|Any CPU.ActiveCfg = Release|Any CPU
		{485FE4D4-1E1C-4FEF-9A53-5F3C356A7B80}.Release|Any CPU.Build.0 = Release|Any CPU
		{7C725F45-D9D5-4C2E-93F1-98FD46D45542}.Debug|Any CPU.ActiveCfg = Debug|Any CPU
		{7C725F45-D9D5-4C2E-93F1-98FD46D45542}.Debug|Any CPU.Build.0 = Debug|Any CPU
		{7C725F45-D9D5-4C2E-93F1-98FD46D45542}.Release|Any CPU.ActiveCfg = Release|Any CPU
		{7C725F45-D9D5-4C2E-93F1-98FD46D45542}.Release|Any CPU.Build.0 = Release|Any CPU
		{DCE5E310-1E89-4520-AE48-D8BAE979257F}.Debug|Any CPU.ActiveCfg = Debug|Any CPU
		{DCE5E310-1E89-4520-AE48-D8BAE979257F}.Debug|Any CPU.Build.0 = Debug|Any CPU
		{DCE5E310-1E89-4520-AE48-D8BAE979257F}.Release|Any CPU.ActiveCfg = Release|Any CPU
		{DCE5E310-1E89-4520-AE48-D8BAE979257F}.Release|Any CPU.Build.0 = Release|Any CPU
		{A7F6E779-E16C-4C8F-A496-B231427EEF98}.Debug|Any CPU.ActiveCfg = Debug|Any CPU
		{A7F6E779-E16C-4C8F-A496-B231427EEF98}.Debug|Any CPU.Build.0 = Debug|Any CPU
		{A7F6E779-E16C-4C8F-A496-B231427EEF98}.Release|Any CPU.ActiveCfg = Release|Any CPU
		{A7F6E779-E16C-4C8F-A496-B231427EEF98}.Release|Any CPU.Build.0 = Release|Any CPU
		{DDD398B0-7E98-4668-85C0-6ED6650FF4F2}.Debug|Any CPU.ActiveCfg = Debug|Any CPU
		{DDD398B0-7E98-4668-85C0-6ED6650FF4F2}.Debug|Any CPU.Build.0 = Debug|Any CPU
		{DDD398B0-7E98-4668-85C0-6ED6650FF4F2}.Release|Any CPU.ActiveCfg = Release|Any CPU
		{DDD398B0-7E98-4668-85C0-6ED6650FF4F2}.Release|Any CPU.Build.0 = Release|Any CPU
	EndGlobalSection
	GlobalSection(SolutionProperties) = preSolution
		HideSolutionNode = FALSE
	EndGlobalSection
	GlobalSection(ExtensibilityGlobals) = postSolution
		SolutionGuid = {CF0CF87E-28F6-487C-BDE0-FE2DDDEEDBB2}
	EndGlobalSection
EndGlobal
